
Microsoft Visual Studio Solution File, Format Version 12.00
# Visual Studio 2013
VisualStudioVersion = 12.0.30723.0
MinimumVisualStudioVersion = 10.0.40219.1
Project("{FAE04EC0-301F-11D3-BF4B-00C04F79EFBC}") = "WebApplication9", "WebApplication9\WebApplication9.csproj", "{AF4B6B41-DB75-4317-BFF7-1E7D22E333CC}"
EndProject
Global
	GlobalSection(SolutionConfigurationPlatforms) = preSolution
		Debug|Any CPU = Debug|Any CPU
		Release|Any CPU = Release|Any CPU
	EndGlobalSection
	GlobalSection(ProjectConfigurationPlatforms) = postSolution
		{AF4B6B41-DB75-4317-BFF7-1E7D22E333CC}.Debug|Any CPU.ActiveCfg = Debug|Any CPU
		{AF4B6B41-DB75-4317-BFF7-1E7D22E333CC}.Debug|Any CPU.Build.0 = Debug|Any CPU
		{AF4B6B41-DB75-4317-BFF7-1E7D22E333CC}.Release|Any CPU.ActiveCfg = Release|Any CPU
		{AF4B6B41-DB75-4317-BFF7-1E7D22E333CC}.Release|Any CPU.Build.0 = Release|Any CPU
	EndGlobalSection
	GlobalSection(SolutionProperties) = preSolution
		HideSolutionNode = FALSE
	EndGlobalSection
EndGlobal
